
Microsoft Visual Studio Solution File, Format Version 12.00
# Visual Studio Version 17
VisualStudioVersion = 17.11.35312.102
MinimumVisualStudioVersion = 10.0.40219.1
Project("{9A19103F-16F7-4668-BE54-9A1E7A4F7556}") = "Restaurants.API", "Restaurants.API\Restaurants.API.csproj", "{331E9323-E682-40E7-9962-1F73575DF375}"
EndProject
Project("{9A19103F-16F7-4668-BE54-9A1E7A4F7556}") = "Restaurants.Domin", "Restaurants.Domin\Restaurants.Domin.csproj", "{E7041774-5E85-4919-B253-5B084555AE21}"
EndProject
Project("{9A19103F-16F7-4668-BE54-9A1E7A4F7556}") = "Restaurants.Application", "Restaurants.Application\Restaurants.Application.csproj", "{D6A5252D-9CD7-44D5-9884-334DACA7DE84}"
EndProject
Project("{9A19103F-16F7-4668-BE54-9A1E7A4F7556}") = "Restaurants.Infrastructure", "Restaurants.Infrastructure\Restaurants.Infrastructure.csproj", "{00A4064F-B730-48F4-AAE7-F8A1757C60EF}"
EndProject
Project("{9A19103F-16F7-4668-BE54-9A1E7A4F7556}") = "Restaurants.Application.Tests", "Restaurants.Application.Tests\Restaurants.Application.Tests.csproj", "{BCEF5BFA-495B-42FF-9C86-6E936C54B988}"
EndProject
Project("{FAE04EC0-301F-11D3-BF4B-00C04F79EFBC}") = "Restaurants.Infrastructure.Tests", "Restaurants.Infrastructure.Tests\Restaurants.Infrastructure.Tests.csproj", "{7DFC7E45-EAF8-40EB-8911-2CE1F58244C3}"
EndProject
Global
	GlobalSection(SolutionConfigurationPlatforms) = preSolution
		Debug|Any CPU = Debug|Any CPU
		Release|Any CPU = Release|Any CPU
	EndGlobalSection
	GlobalSection(ProjectConfigurationPlatforms) = postSolution
		{331E9323-E682-40E7-9962-1F73575DF375}.Debug|Any CPU.ActiveCfg = Debug|Any CPU
		{331E9323-E682-40E7-9962-1F73575DF375}.Debug|Any CPU.Build.0 = Debug|Any CPU
		{331E9323-E682-40E7-9962-1F73575DF375}.Release|Any CPU.ActiveCfg = Release|Any CPU
		{331E9323-E682-40E7-9962-1F73575DF375}.Release|Any CPU.Build.0 = Release|Any CPU
		{E7041774-5E85-4919-B253-5B084555AE21}.Debug|Any CPU.ActiveCfg = Debug|Any CPU
		{E7041774-5E85-4919-B253-5B084555AE21}.Debug|Any CPU.Build.0 = Debug|Any CPU
		{E7041774-5E85-4919-B253-5B084555AE21}.Release|Any CPU.ActiveCfg = Release|Any CPU
		{E7041774-5E85-4919-B253-5B084555AE21}.Release|Any CPU.Build.0 = Release|Any CPU
		{D6A5252D-9CD7-44D5-9884-334DACA7DE84}.Debug|Any CPU.ActiveCfg = Debug|Any CPU
		{D6A5252D-9CD7-44D5-9884-334DACA7DE84}.Debug|Any CPU.Build.0 = Debug|Any CPU
		{D6A5252D-9CD7-44D5-9884-334DACA7DE84}.Release|Any CPU.ActiveCfg = Release|Any CPU
		{D6A5252D-9CD7-44D5-9884-334DACA7DE84}.Release|Any CPU.Build.0 = Release|Any CPU
		{00A4064F-B730-48F4-AAE7-F8A1757C60EF}.Debug|Any CPU.ActiveCfg = Debug|Any CPU
		{00A4064F-B730-48F4-AAE7-F8A1757C60EF}.Debug|Any CPU.Build.0 = Debug|Any CPU
		{00A4064F-B730-48F4-AAE7-F8A1757C60EF}.Release|Any CPU.ActiveCfg = Release|Any CPU
		{00A4064F-B730-48F4-AAE7-F8A1757C60EF}.Release|Any CPU.Build.0 = Release|Any CPU
		{BCEF5BFA-495B-42FF-9C86-6E936C54B988}.Debug|Any CPU.ActiveCfg = Debug|Any CPU
		{BCEF5BFA-495B-42FF-9C86-6E936C54B988}.Debug|Any CPU.Build.0 = Debug|Any CPU
		{BCEF5BFA-495B-42FF-9C86-6E936C54B988}.Release|Any CPU.ActiveCfg = Release|Any CPU
		{BCEF5BFA-495B-42FF-9C86-6E936C54B988}.Release|Any CPU.Build.0 = Release|Any CPU
		{7DFC7E45-EAF8-40EB-8911-2CE1F58244C3}.Debug|Any CPU.ActiveCfg = Debug|Any CPU
		{7DFC7E45-EAF8-40EB-8911-2CE1F58244C3}.Debug|Any CPU.Build.0 = Debug|Any CPU
		{7DFC7E45-EAF8-40EB-8911-2CE1F58244C3}.Release|Any CPU.ActiveCfg = Release|Any CPU
		{7DFC7E45-EAF8-40EB-8911-2CE1F58244C3}.Release|Any CPU.Build.0 = Release|Any CPU
	EndGlobalSection
	GlobalSection(SolutionProperties) = preSolution
		HideSolutionNode = FALSE
	EndGlobalSection
	GlobalSection(ExtensibilityGlobals) = postSolution
		SolutionGuid = {82947479-89A5-47D8-BEA6-1A1A31254E07}
	EndGlobalSection
EndGlobal
